
Microsoft Visual Studio Solution File, Format Version 12.00
# Visual Studio 15
VisualStudioVersion = 15.0.28307.705
MinimumVisualStudioVersion = 10.0.40219.1
Project("{FAE04EC0-301F-11D3-BF4B-00C04F79EFBC}") = "Mecanica2", "Mecanica2\Mecanica2.csproj", "{7846F47E-4F4F-4CA8-A25B-D0CFD6C4458A}"
EndProject
Global
	GlobalSection(SolutionConfigurationPlatforms) = preSolution
		Debug|Any CPU = Debug|Any CPU
		Release|Any CPU = Release|Any CPU
	EndGlobalSection
	GlobalSection(ProjectConfigurationPlatforms) = postSolution
		{7846F47E-4F4F-4CA8-A25B-D0CFD6C4458A}.Debug|Any CPU.ActiveCfg = Debug|Any CPU
		{7846F47E-4F4F-4CA8-A25B-D0CFD6C4458A}.Debug|Any CPU.Build.0 = Debug|Any CPU
		{7846F47E-4F4F-4CA8-A25B-D0CFD6C4458A}.Release|Any CPU.ActiveCfg = Release|Any CPU
		{7846F47E-4F4F-4CA8-A25B-D0CFD6C4458A}.Release|Any CPU.Build.0 = Release|Any CPU
	EndGlobalSection
	GlobalSection(SolutionProperties) = preSolution
		HideSolutionNode = FALSE
	EndGlobalSection
	GlobalSection(ExtensibilityGlobals) = postSolution
		SolutionGuid = {A97C46DE-FC14-4BD6-8C31-865029F566B1}
	EndGlobalSection
EndGlobal
